
Microsoft Visual Studio Solution File, Format Version 12.00
# Visual Studio Version 16
VisualStudioVersion = 16.0.30011.22
MinimumVisualStudioVersion = 10.0.40219.1
Project("{FAE04EC0-301F-11D3-BF4B-00C04F79EFBC}") = "Numbers", "Numbers.csproj", "{6DBC5AF6-C32B-42E9-8BA1-29A4396F48D0}"
EndProject
Global
	GlobalSection(SolutionConfigurationPlatforms) = preSolution
		Debug|Any CPU = Debug|Any CPU
		Release|Any CPU = Release|Any CPU
	EndGlobalSection
	GlobalSection(ProjectConfigurationPlatforms) = postSolution
		{6DBC5AF6-C32B-42E9-8BA1-29A4396F48D0}.Debug|Any CPU.ActiveCfg = Debug|Any CPU
		{6DBC5AF6-C32B-42E9-8BA1-29A4396F48D0}.Debug|Any CPU.Build.0 = Debug|Any CPU
		{6DBC5AF6-C32B-42E9-8BA1-29A4396F48D0}.Release|Any CPU.ActiveCfg = Release|Any CPU
		{6DBC5AF6-C32B-42E9-8BA1-29A4396F48D0}.Release|Any CPU.Build.0 = Release|Any CPU
	EndGlobalSection
	GlobalSection(SolutionProperties) = preSolution
		HideSolutionNode = FALSE
	EndGlobalSection
	GlobalSection(ExtensibilityGlobals) = postSolution
		SolutionGuid = {C21B9CB5-58A4-4EF4-87C3-99B745EA55D2}
	EndGlobalSection
EndGlobal
